lockfile_version: '1'
generated_at: '2026-05-14T17:42:51.224921+00:00'
apm_version: 0.12.4
dependencies:
- repo_url: anthropics/claude-plugins-official
  host: github.com
  resolved_commit: 1a2f18b05cf5652fd25403e8d229fc884fb84103
  virtual_path: plugins/skill-creator
  is_virtual: true
  package_type: marketplace_plugin
  deployed_files:
  - .agents/skills/skill-creator
  - .claude/skills/skill-creator
  content_hash: sha256:b986e60575912a9ce24029693f967138b018220eadc863a2a2662da20dffadbd
- repo_url: obra/superpowers
  host: github.com
  resolved_commit: f2cbfbefebbfef77321e4c9abc9e949826bea9d7
  package_type: marketplace_plugin
  deployed_files:
  - .agents/skills/brainstorming
  - .agents/skills/dispatching-parallel-agents
  - .agents/skills/executing-plans
  - .agents/skills/finishing-a-development-branch
  - .agents/skills/receiving-code-review
  - .agents/skills/requesting-code-review
  - .agents/skills/subagent-driven-development
  - .agents/skills/systematic-debugging
  - .agents/skills/test-driven-development
  - .agents/skills/using-git-worktrees
  - .agents/skills/using-superpowers
  - .agents/skills/verification-before-completion
  - .agents/skills/writing-plans
  - .agents/skills/writing-skills
  - .claude/skills/brainstorming
  - .claude/skills/dispatching-parallel-agents
  - .claude/skills/executing-plans
  - .claude/skills/finishing-a-development-branch
  - .claude/skills/receiving-code-review
  - .claude/skills/requesting-code-review
  - .claude/skills/subagent-driven-development
  - .claude/skills/systematic-debugging
  - .claude/skills/test-driven-development
  - .claude/skills/using-git-worktrees
  - .claude/skills/using-superpowers
  - .claude/skills/verification-before-completion
  - .claude/skills/writing-plans
  - .claude/skills/writing-skills
  - .copilot/hooks/superpowers-hooks-cursor.json
  - .copilot/hooks/superpowers-hooks.json
  deployed_file_hashes:
    .copilot/hooks/superpowers-hooks-cursor.json: sha256:53d8ceb3ff5d8bb1c4f283f238cc868b8c1af22e40a3ac30f6d6e4173effefbd
    .copilot/hooks/superpowers-hooks.json: sha256:01616c57b96cc234cc984e77d2fc241dfd0e0bfacda54fe54589cd669a0d998e
  content_hash: sha256:fb4f87bfef928a6d68f5d5aaa29e3eba011961c5f03bbf171c3c348d8d161abb
